rvyx02 x1
o0xv l07y2xp0jyq7.on0wn2 rvyx02 On0wn2

# Pnwn0j2n tn7
tn7 = On0wn2.pnwn0j2n_tn7()
5r2q xynw("tn7.262", "5k") j1 tn7_orun:
   tn7_orun.50r2n(tn7)

on0wn2 = On0wn2(tn7)

# Mr0nt2x0r 2j0pn2
2j0pn2_mr0 = "/ujk"
ox0 0xx2, mr01, orun1 rw x1.5jut(2j0pn2_mr0):
   ox0 orun rw orun1:
       orun_yj2q = x1.yj2q.sxrw(0xx2, orun)
       5r2q xynw(orun_yj2q, "0k") j1 x0rprwju_orun:
           x0rprwju = x0rprwju_orun.0njm()
       nwl07y2nm = on0wn2.nwl07y2(x0rprwju)
       5r2q xynw(orun_yj2q, "5k") j1 nwl07y2nm_orun:
           nwl07y2nm_orun.50r2n(nwl07y2nm)

# K3j2 0jw1xv wx2n
5r2q xynw("/ujk/0NJMVN.262", "5") j1 wx2n:
   wx2n.50r2n("Orun tjv3 13mjq mrnwt0ry1r!\wKj7j0 a K2L 3w23t mjyj2 t3wlrw7j.")
